
Microsoft Visual Studio Solution File, Format Version 12.00
# Visual Studio Version 17
VisualStudioVersion = 17.0.32112.339
MinimumVisualStudioVersion = 10.0.40219.1
Project("{FAE04EC0-301F-11D3-BF4B-00C04F79EFBC}") = "LibraryAPI", "LibraryAPI\LibraryAPI.csproj", "{3524A9D3-B471-4CEE-BB1E-F8526578F9AB}"
EndProject
Global
	GlobalSection(SolutionConfigurationPlatforms) = preSolution
		Debug|Any CPU = Debug|Any CPU
		Release|Any CPU = Release|Any CPU
	EndGlobalSection
	GlobalSection(ProjectConfigurationPlatforms) = postSolution
		{3524A9D3-B471-4CEE-BB1E-F8526578F9AB}.Debug|Any CPU.ActiveCfg = Debug|Any CPU
		{3524A9D3-B471-4CEE-BB1E-F8526578F9AB}.Debug|Any CPU.Build.0 = Debug|Any CPU
		{3524A9D3-B471-4CEE-BB1E-F8526578F9AB}.Release|Any CPU.ActiveCfg = Release|Any CPU
		{3524A9D3-B471-4CEE-BB1E-F8526578F9AB}.Release|Any CPU.Build.0 = Release|Any CPU
	EndGlobalSection
	GlobalSection(SolutionProperties) = preSolution
		HideSolutionNode = FALSE
	EndGlobalSection
	GlobalSection(ExtensibilityGlobals) = postSolution
		SolutionGuid = {8ED125D5-5D90-4C0F-A949-9619A7876F28}
	EndGlobalSection
EndGlobal
